// !$*UTF8*$!
{
	archiveVersion = 1;
	classes = {
	};
	objectVersion = 55;
	objects = {

/* Begin PBXBuildFile section */
		831184E02836CC5600BEDBA2 /* XPTouchBarApp.swift in Sources */ = {isa = PBXBuildFile; fileRef = 831184DF2836CC5600BEDBA2 /* XPTouchBarApp.swift */; };
		831184E42836CC5B00BEDBA2 /* Assets.xcassets in Resources */ = {isa = PBXBuildFile; fileRef = 831184E32836CC5B00BEDBA2 /* Assets.xcassets */; };
		831184E72836CC5B00BEDBA2 /* Preview Assets.xcassets in Resources */ = {isa = PBXBuildFile; fileRef = 831184E62836CC5B00BEDBA2 /* Preview Assets.xcassets */; };
		831184FC2836CC5B00BEDBA2 /* XPTouchBarUITests.swift in Sources */ = {isa = PBXBuildFile; fileRef = 831184FB2836CC5B00BEDBA2 /* XPTouchBarUITests.swift */; };
		831184FE2836CC5B00BEDBA2 /* XPTouchBarUITestsLaunchTests.swift in Sources */ = {isa = PBXBuildFile; fileRef = 831184FD2836CC5B00BEDBA2 /* XPTouchBarUITestsLaunchTests.swift */; };
		8311850B2836D07600BEDBA2 /* AppDelegate.swift in Sources */ = {isa = PBXBuildFile; fileRef = 8311850A2836D07600BEDBA2 /* AppDelegate.swift */; };
		8346631C2849773E002C09AE /* ManualsView.swift in Sources */ = {isa = PBXBuildFile; fileRef = 8346631B2849773E002C09AE /* ManualsView.swift */; };
		8346631F284ABAD1002C09AE /* MyTouchBar.swift in Sources */ = {isa = PBXBuildFile; fileRef = 8346631E284ABAD1002C09AE /* MyTouchBar.swift */; };
		8357E2162843A73B0077B6B0 /* Model.swift in Sources */ = {isa = PBXBuildFile; fileRef = 8357E2152843A73B0077B6B0 /* Model.swift */; };
		83B80E16283EC1AF007BAD6D /* NSTouchBarRepresentable.swift in Sources */ = {isa = PBXBuildFile; fileRef = 83B80E15283EC1AF007BAD6D /* NSTouchBarRepresentable.swift */; };
		83B80E1A283F000B007BAD6D /* NSTouchBarViewController.swift in Sources */ = {isa = PBXBuildFile; fileRef = 83B80E19283F000B007BAD6D /* NSTouchBarViewController.swift */; };
		83B80E1C283F0038007BAD6D /* NSTouchBarViewControllerRepresentable.swift in Sources */ = {isa = PBXBuildFile; fileRef = 83B80E1B283F0038007BAD6D /* NSTouchBarViewControllerRepresentable.swift */; };
		83B80E1E283F9480007BAD6D /* XPlaneConnector.swift in Sources */ = {isa = PBXBuildFile; fileRef = 83B80E1D283F9480007BAD6D /* XPlaneConnector.swift */; };
		83B80E2528415BEC007BAD6D /* DREFTests.swift in Sources */ = {isa = PBXBuildFile; fileRef = 83B80E2428415BEC007BAD6D /* DREFTests.swift */; };
		83C3207A2843906B000BF8A5 /* ConnectionView.swift in Sources */ = {isa = PBXBuildFile; fileRef = 83C320792843906B000BF8A5 /* ConnectionView.swift */; };
		83D46E5C284D33A7003F84B0 /* PDFViewRepresentable.swift in Sources */ = {isa = PBXBuildFile; fileRef = 83D46E5B284D33A7003F84B0 /* PDFViewRepresentable.swift */; };
		83EC623428477E52008D0D0C /* Dataref.swift in Sources */ = {isa = PBXBuildFile; fileRef = 83EC623328477E52008D0D0C /* Dataref.swift */; };
		83EC623728477EEC008D0D0C /* CustomFloatConvertible.swift in Sources */ = {isa = PBXBuildFile; fileRef = 83EC623628477EEC008D0D0C /* CustomFloatConvertible.swift */; };
		83EC623B28478F6F008D0D0C /* CustomDataConvertible.swift in Sources */ = {isa = PBXBuildFile; fileRef = 83EC623A28478F6F008D0D0C /* CustomDataConvertible.swift */; };
		83EC623D2847983A008D0D0C /* RREFTests.swift in Sources */ = {isa = PBXBuildFile; fileRef = 83EC623C2847983A008D0D0C /* RREFTests.swift */; };
		83EC62412847A7CB008D0D0C /* XPDatagramBuilderTests.swift in Sources */ = {isa = PBXBuildFile; fileRef = 83EC62402847A7CB008D0D0C /* XPDatagramBuilderTests.swift */; };
		83EC62442847ABF2008D0D0C /* XPDatagramBuilder.swift in Sources */ = {isa = PBXBuildFile; fileRef = 83EC62432847ABF2008D0D0C /* XPDatagramBuilder.swift */; };
		83EC62462847AC61008D0D0C /* DREF.swift in Sources */ = {isa = PBXBuildFile; fileRef = 83EC62452847AC61008D0D0C /* DREF.swift */; };
		83EC62482847AC78008D0D0C /* RREF.swift in Sources */ = {isa = PBXBuildFile; fileRef = 83EC62472847AC78008D0D0C /* RREF.swift */; };
		83EE3E952837B05D004CA471 /* DebugView.swift in Sources */ = {isa = PBXBuildFile; fileRef = 83EE3E942837B05D004CA471 /* DebugView.swift */; };
		83EE3E9A2837FCAF004CA471 /* ContentView.swift in Sources */ = {isa = PBXBuildFile; fileRef = 83EE3E992837FCAF004CA471 /* ContentView.swift */; };
		83EE3E9C2837FCEC004CA471 /* TouchBarView.swift in Sources */ = {isa = PBXBuildFile; fileRef = 83EE3E9B2837FCEC004CA471 /* TouchBarView.swift */; };
		83EE3E9E2837FFD5004CA471 /* TouchBarIdentifiers.swift in Sources */ = {isa = PBXBuildFile; fileRef = 83EE3E9D2837FFD5004CA471 /* TouchBarIdentifiers.swift */; };
/* End PBXBuildFile section */

/* Begin PBXContainerItemProxy section */
		831184EE2836CC5B00BEDBA2 /* PBXContainerItemProxy */ = {
			isa = PBXContainerItemProxy;
			containerPortal = 831184D42836CC5600BEDBA2 /* Project object */;
			proxyType = 1;
			remoteGlobalIDString = 831184DB2836CC5600BEDBA2;
			remoteInfo = XPTouchBar;
		};
		831184F82836CC5B00BEDBA2 /* PBXContainerItemProxy */ = {
			isa = PBXContainerItemProxy;
			containerPortal = 831184D42836CC5600BEDBA2 /* Project object */;
			proxyType = 1;
			remoteGlobalIDString = 831184DB2836CC5600BEDBA2;
			remoteInfo = XPTouchBar;
		};
/* End PBXContainerItemProxy section */

/* Begin PBXFileReference section */
		831184DC2836CC5600BEDBA2 /* XPTouchBar.app */ = {isa = PBXFileReference; explicitFileType = wrapper.application; includeInIndex = 0; path = XPTouchBar.app; sourceTree = BUILT_PRODUCTS_DIR; };
		831184DF2836CC5600BEDBA2 /* XPTouchBarApp.swift */ = {isa = PBXFileReference; lastKnownFileType = sourcecode.swift; path = XPTouchBarApp.swift; sourceTree = "<group>"; };
		831184E32836CC5B00BEDBA2 /* Assets.xcassets */ = {isa = PBXFileReference; lastKnownFileType = folder.assetcatalog; path = Assets.xcassets; sourceTree = "<group>"; };
		831184E62836CC5B00BEDBA2 /* Preview Assets.xcassets */ = {isa = PBXFileReference; lastKnownFileType = folder.assetcatalog; path = "Preview Assets.xcassets"; sourceTree = "<group>"; };
		831184E82836CC5B00BEDBA2 /* XPTouchBar.entitlements */ = {isa = PBXFileReference; lastKnownFileType = text.plist.entitlements; path = XPTouchBar.entitlements; sourceTree = "<group>"; };
		831184ED2836CC5B00BEDBA2 /* XPTouchBarTests.xctest */ = {isa = PBXFileReference; explicitFileType = wrapper.cfbundle; includeInIndex = 0; path = XPTouchBarTests.xctest; sourceTree = BUILT_PRODUCTS_DIR; };
		831184F72836CC5B00BEDBA2 /* XPTouchBarUITests.xctest */ = {isa = PBXFileReference; explicitFileType = wrapper.cfbundle; includeInIndex = 0; path = XPTouchBarUITests.xctest; sourceTree = BUILT_PRODUCTS_DIR; };
		831184FB2836CC5B00BEDBA2 /* XPTouchBarUITests.swift */ = {isa = PBXFileReference; lastKnownFileType = sourcecode.swift; path = XPTouchBarUITests.swift; sourceTree = "<group>"; };
		831184FD2836CC5B00BEDBA2 /* XPTouchBarUITestsLaunchTests.swift */ = {isa = PBXFileReference; lastKnownFileType = sourcecode.swift; path = XPTouchBarUITestsLaunchTests.swift; sourceTree = "<group>"; };
		8311850A2836D07600BEDBA2 /* AppDelegate.swift */ = {isa = PBXFileReference; lastKnownFileType = sourcecode.swift; path = AppDelegate.swift; sourceTree = "<group>"; };
		8346631B2849773E002C09AE /* ManualsView.swift */ = {isa = PBXFileReference; lastKnownFileType = sourcecode.swift; path = ManualsView.swift; sourceTree = "<group>"; };
		8346631E284ABAD1002C09AE /* MyTouchBar.swift */ = {isa = PBXFileReference; lastKnownFileType = sourcecode.swift; path = MyTouchBar.swift; sourceTree = "<group>"; };
		8357E2152843A73B0077B6B0 /* Model.swift */ = {isa = PBXFileReference; lastKnownFileType = sourcecode.swift; path = Model.swift; sourceTree = "<group>"; };
		83B80E15283EC1AF007BAD6D /* NSTouchBarRepresentable.swift */ = {isa = PBXFileReference; lastKnownFileType = sourcecode.swift; path = NSTouchBarRepresentable.swift; sourceTree = "<group>"; };
		83B80E19283F000B007BAD6D /* NSTouchBarViewController.swift */ = {isa = PBXFileReference; lastKnownFileType = sourcecode.swift; path = NSTouchBarViewController.swift; sourceTree = "<group>"; };
		83B80E1B283F0038007BAD6D /* NSTouchBarViewControllerRepresentable.swift */ = {isa = PBXFileReference; lastKnownFileType = sourcecode.swift; path = NSTouchBarViewControllerRepresentable.swift; sourceTree = "<group>"; };
		83B80E1D283F9480007BAD6D /* XPlaneConnector.swift */ = {isa = PBXFileReference; lastKnownFileType = sourcecode.swift; path = XPlaneConnector.swift; sourceTree = "<group>"; };
		83B80E2428415BEC007BAD6D /* DREFTests.swift */ = {isa = PBXFileReference; lastKnownFileType = sourcecode.swift; path = DREFTests.swift; sourceTree = "<group>"; };
		83C320792843906B000BF8A5 /* ConnectionView.swift */ = {isa = PBXFileReference; lastKnownFileType = sourcecode.swift; path = ConnectionView.swift; sourceTree = "<group>"; };
		83D46E5B284D33A7003F84B0 /* PDFViewRepresentable.swift */ = {isa = PBXFileReference; lastKnownFileType = sourcecode.swift; path = PDFViewRepresentable.swift; sourceTree = "<group>"; };
		83EC623328477E52008D0D0C /* Dataref.swift */ = {isa = PBXFileReference; lastKnownFileType = sourcecode.swift; path = Dataref.swift; sourceTree = "<group>"; };
		83EC623628477EEC008D0D0C /* CustomFloatConvertible.swift */ = {isa = PBXFileReference; lastKnownFileType = sourcecode.swift; path = CustomFloatConvertible.swift; sourceTree = "<group>"; };
		83EC623A28478F6F008D0D0C /* CustomDataConvertible.swift */ = {isa = PBXFileReference; lastKnownFileType = sourcecode.swift; path = CustomDataConvertible.swift; sourceTree = "<group>"; };
		83EC623C2847983A008D0D0C /* RREFTests.swift */ = {isa = PBXFileReference; lastKnownFileType = sourcecode.swift; path = RREFTests.swift; sourceTree = "<group>"; };
		83EC62402847A7CB008D0D0C /* XPDatagramBuilderTests.swift */ = {isa = PBXFileReference; lastKnownFileType = sourcecode.swift; path = XPDatagramBuilderTests.swift; sourceTree = "<group>"; };
		83EC62432847ABF2008D0D0C /* XPDatagramBuilder.swift */ = {isa = PBXFileReference; lastKnownFileType = sourcecode.swift; path = XPDatagramBuilder.swift; sourceTree = "<group>"; };
		83EC62452847AC61008D0D0C /* DREF.swift */ = {isa = PBXFileReference; lastKnownFileType = sourcecode.swift; path = DREF.swift; sourceTree = "<group>"; };
		83EC62472847AC78008D0D0C /* RREF.swift */ = {isa = PBXFileReference; lastKnownFileType = sourcecode.swift; path = RREF.swift; sourceTree = "<group>"; };
		83EE3E942837B05D004CA471 /* DebugView.swift */ = {isa = PBXFileReference; lastKnownFileType = sourcecode.swift; path = DebugView.swift; sourceTree = "<group>"; };
		83EE3E992837FCAF004CA471 /* ContentView.swift */ = {isa = PBXFileReference; lastKnownFileType = sourcecode.swift; path = ContentView.swift; sourceTree = "<group>"; };
		83EE3E9B2837FCEC004CA471 /* TouchBarView.swift */ = {isa = PBXFileReference; lastKnownFileType = sourcecode.swift; path = TouchBarView.swift; sourceTree = "<group>"; };
		83EE3E9D2837FFD5004CA471 /* TouchBarIdentifiers.swift */ = {isa = PBXFileReference; lastKnownFileType = sourcecode.swift; path = TouchBarIdentifiers.swift; sourceTree = "<group>"; };
/* End PBXFileReference section */

/* Begin PBXFrameworksBuildPhase section */
		831184D92836CC5600BEDBA2 /* Frameworks */ = {
			isa = PBXFrameworksBuildPhase;
			buildActionMask = 2147483647;
			files = (
			);
			runOnlyForDeploymentPostprocessing = 0;
		};
		831184EA2836CC5B00BEDBA2 /* Frameworks */ = {
			isa = PBXFrameworksBuildPhase;
			buildActionMask = 2147483647;
			files = (
			);
			runOnlyForDeploymentPostprocessing = 0;
		};
		831184F42836CC5B00BEDBA2 /* Frameworks */ = {
			isa = PBXFrameworksBuildPhase;
			buildActionMask = 2147483647;
			files = (
			);
			runOnlyForDeploymentPostprocessing = 0;
		};
/* End PBXFrameworksBuildPhase section */

/* Begin PBXGroup section */
		831184D32836CC5600BEDBA2 = {
			isa = PBXGroup;
			children = (
				831184DE2836CC5600BEDBA2 /* XPTouchBar */,
				831184F02836CC5B00BEDBA2 /* XPTouchBarTests */,
				831184FA2836CC5B00BEDBA2 /* XPTouchBarUITests */,
				831184DD2836CC5600BEDBA2 /* Products */,
			);
			sourceTree = "<group>";
		};
		831184DD2836CC5600BEDBA2 /* Products */ = {
			isa = PBXGroup;
			children = (
				831184DC2836CC5600BEDBA2 /* XPTouchBar.app */,
				831184ED2836CC5B00BEDBA2 /* XPTouchBarTests.xctest */,
				831184F72836CC5B00BEDBA2 /* XPTouchBarUITests.xctest */,
			);
			name = Products;
			sourceTree = "<group>";
		};
		831184DE2836CC5600BEDBA2 /* XPTouchBar */ = {
			isa = PBXGroup;
			children = (
				83EC623A28478F6F008D0D0C /* CustomDataConvertible.swift */,
				83EC62422847ABBE008D0D0C /* XPlaneConnector */,
				83EC623628477EEC008D0D0C /* CustomFloatConvertible.swift */,
				8311850F2836DF1A00BEDBA2 /* NSTouchBarRepresentable */,
				831184DF2836CC5600BEDBA2 /* XPTouchBarApp.swift */,
				831184E32836CC5B00BEDBA2 /* Assets.xcassets */,
				831184E82836CC5B00BEDBA2 /* XPTouchBar.entitlements */,
				831184E52836CC5B00BEDBA2 /* Preview Content */,
				8311850A2836D07600BEDBA2 /* AppDelegate.swift */,
				83EE3E942837B05D004CA471 /* DebugView.swift */,
				83EE3E992837FCAF004CA471 /* ContentView.swift */,
				83EE3E9B2837FCEC004CA471 /* TouchBarView.swift */,
				83EE3E9D2837FFD5004CA471 /* TouchBarIdentifiers.swift */,
				83C320792843906B000BF8A5 /* ConnectionView.swift */,
				8357E2152843A73B0077B6B0 /* Model.swift */,
				8346631B2849773E002C09AE /* ManualsView.swift */,
				8346631E284ABAD1002C09AE /* MyTouchBar.swift */,
				83D46E5B284D33A7003F84B0 /* PDFViewRepresentable.swift */,
			);
			path = XPTouchBar;
			sourceTree = "<group>";
		};
		831184E52836CC5B00BEDBA2 /* Preview Content */ = {
			isa = PBXGroup;
			children = (
				831184E62836CC5B00BEDBA2 /* Preview Assets.xcassets */,
			);
			path = "Preview Content";
			sourceTree = "<group>";
		};
		831184F02836CC5B00BEDBA2 /* XPTouchBarTests */ = {
			isa = PBXGroup;
			children = (
				83EC62492847ACAC008D0D0C /* XPlaneConnector */,
			);
			path = XPTouchBarTests;
			sourceTree = "<group>";
		};
		831184FA2836CC5B00BEDBA2 /* XPTouchBarUITests */ = {
			isa = PBXGroup;
			children = (
				831184FB2836CC5B00BEDBA2 /* XPTouchBarUITests.swift */,
				831184FD2836CC5B00BEDBA2 /* XPTouchBarUITestsLaunchTests.swift */,
			);
			path = XPTouchBarUITests;
			sourceTree = "<group>";
		};
		8311850F2836DF1A00BEDBA2 /* NSTouchBarRepresentable */ = {
			isa = PBXGroup;
			children = (
				83B80E15283EC1AF007BAD6D /* NSTouchBarRepresentable.swift */,
				83B80E19283F000B007BAD6D /* NSTouchBarViewController.swift */,
				83B80E1B283F0038007BAD6D /* NSTouchBarViewControllerRepresentable.swift */,
			);
			path = NSTouchBarRepresentable;
			sourceTree = "<group>";
		};
		83EC62422847ABBE008D0D0C /* XPlaneConnector */ = {
			isa = PBXGroup;
			children = (
				83B80E1D283F9480007BAD6D /* XPlaneConnector.swift */,
				83EC62432847ABF2008D0D0C /* XPDatagramBuilder.swift */,
				83EC62452847AC61008D0D0C /* DREF.swift */,
				83EC62472847AC78008D0D0C /* RREF.swift */,
				83EC623328477E52008D0D0C /* Dataref.swift */,
			);
			path = XPlaneConnector;
			sourceTree = "<group>";
		};
		83EC62492847ACAC008D0D0C /* XPlaneConnector */ = {
			isa = PBXGroup;
			children = (
				83EC62402847A7CB008D0D0C /* XPDatagramBuilderTests.swift */,
				83EC623C2847983A008D0D0C /* RREFTests.swift */,
				83B80E2428415BEC007BAD6D /* DREFTests.swift */,
			);
			path = XPlaneConnector;
			sourceTree = "<group>";
		};
/* End PBXGroup section */

/* Begin PBXNativeTarget section */
		831184DB2836CC5600BEDBA2 /* XPTouchBar */ = {
			isa = PBXNativeTarget;
			buildConfigurationList = 831185012836CC5B00BEDBA2 /* Build configuration list for PBXNativeTarget "XPTouchBar" */;
			buildPhases = (
				831184D82836CC5600BEDBA2 /* Sources */,
				831184D92836CC5600BEDBA2 /* Frameworks */,
				831184DA2836CC5600BEDBA2 /* Resources */,
			);
			buildRules = (
			);
			dependencies = (
			);
			name = XPTouchBar;
			packageProductDependencies = (
			);
			productName = XPTouchBar;
			productReference = 831184DC2836CC5600BEDBA2 /* XPTouchBar.app */;
			productType = "com.apple.product-type.application";
		};
		831184EC2836CC5B00BEDBA2 /* XPTouchBarTests */ = {
			isa = PBXNativeTarget;
			buildConfigurationList = 831185042836CC5B00BEDBA2 /* Build configuration list for PBXNativeTarget "XPTouchBarTests" */;
			buildPhases = (
				831184E92836CC5B00BEDBA2 /* Sources */,
				831184EA2836CC5B00BEDBA2 /* Frameworks */,
				831184EB2836CC5B00BEDBA2 /* Resources */,
			);
			buildRules = (
			);
			dependencies = (
				831184EF2836CC5B00BEDBA2 /* PBXTargetDependency */,
			);
			name = XPTouchBarTests;
			productName = XPTouchBarTests;
			productReference = 831184ED2836CC5B00BEDBA2 /* XPTouchBarTests.xctest */;
			productType = "com.apple.product-type.bundle.unit-test";
		};
		831184F62836CC5B00BEDBA2 /* XPTouchBarUITests */ = {
			isa = PBXNativeTarget;
			buildConfigurationList = 831185072836CC5B00BEDBA2 /* Build configuration list for PBXNativeTarget "XPTouchBarUITests" */;
			buildPhases = (
				831184F32836CC5B00BEDBA2 /* Sources */,
				831184F42836CC5B00BEDBA2 /* Frameworks */,
				831184F52836CC5B00BEDBA2 /* Resources */,
			);
			buildRules = (
			);
			dependencies = (
				831184F92836CC5B00BEDBA2 /* PBXTargetDependency */,
			);
			name = XPTouchBarUITests;
			productName = XPTouchBarUITests;
			productReference = 831184F72836CC5B00BEDBA2 /* XPTouchBarUITests.xctest */;
			productType = "com.apple.product-type.bundle.ui-testing";
		};
/* End PBXNativeTarget section */

/* Begin PBXProject section */
		831184D42836CC5600BEDBA2 /* Project object */ = {
			isa = PBXProject;
			attributes = {
				BuildIndependentTargetsInParallel = 1;
				LastSwiftUpdateCheck = 1340;
				LastUpgradeCheck = 1340;
				TargetAttributes = {
					831184DB2836CC5600BEDBA2 = {
						CreatedOnToolsVersion = 13.4;
					};
					831184EC2836CC5B00BEDBA2 = {
						CreatedOnToolsVersion = 13.4;
						TestTargetID = 831184DB2836CC5600BEDBA2;
					};
					831184F62836CC5B00BEDBA2 = {
						CreatedOnToolsVersion = 13.4;
						TestTargetID = 831184DB2836CC5600BEDBA2;
					};
				};
			};
			buildConfigurationList = 831184D72836CC5600BEDBA2 /* Build configuration list for PBXProject "XPTouchBar" */;
			compatibilityVersion = "Xcode 13.0";
			developmentRegion = en;
			hasScannedForEncodings = 0;
			knownRegions = (
				en,
				Base,
			);
			mainGroup = 831184D32836CC5600BEDBA2;
			packageReferences = (
			);
			productRefGroup = 831184DD2836CC5600BEDBA2 /* Products */;
			projectDirPath = "";
			projectRoot = "";
			targets = (
				831184DB2836CC5600BEDBA2 /* XPTouchBar */,
				831184EC2836CC5B00BEDBA2 /* XPTouchBarTests */,
				831184F62836CC5B00BEDBA2 /* XPTouchBarUITests */,
			);
		};
/* End PBXProject section */

/* Begin PBXResourcesBuildPhase section */
		831184DA2836CC5600BEDBA2 /* Resources */ = {
			isa = PBXResourcesBuildPhase;
			buildActionMask = 2147483647;
			files = (
				831184E72836CC5B00BEDBA2 /* Preview Assets.xcassets in Resources */,
				831184E42836CC5B00BEDBA2 /* Assets.xcassets in Resources */,
			);
			runOnlyForDeploymentPostprocessing = 0;
		};
		831184EB2836CC5B00BEDBA2 /* Resources */ = {
			isa = PBXResourcesBuildPhase;
			buildActionMask = 2147483647;
			files = (
			);
			runOnlyForDeploymentPostprocessing = 0;
		};
		831184F52836CC5B00BEDBA2 /* Resources */ = {
			isa = PBXResourcesBuildPhase;
			buildActionMask = 2147483647;
			files = (
			);
			runOnlyForDeploymentPostprocessing = 0;
		};
/* End PBXResourcesBuildPhase section */

/* Begin PBXSourcesBuildPhase section */
		831184D82836CC5600BEDBA2 /* Sources */ = {
			isa = PBXSourcesBuildPhase;
			buildActionMask = 2147483647;
			files = (
				83EE3E952837B05D004CA471 /* DebugView.swift in Sources */,
				83EE3E9A2837FCAF004CA471 /* ContentView.swift in Sources */,
				83EE3E9E2837FFD5004CA471 /* TouchBarIdentifiers.swift in Sources */,
				8346631C2849773E002C09AE /* ManualsView.swift in Sources */,
				83EC62462847AC61008D0D0C /* DREF.swift in Sources */,
				83EC62442847ABF2008D0D0C /* XPDatagramBuilder.swift in Sources */,
				83EE3E9C2837FCEC004CA471 /* TouchBarView.swift in Sources */,
				83B80E16283EC1AF007BAD6D /* NSTouchBarRepresentable.swift in Sources */,
				8357E2162843A73B0077B6B0 /* Model.swift in Sources */,
				83B80E1A283F000B007BAD6D /* NSTouchBarViewController.swift in Sources */,
				83EC623B28478F6F008D0D0C /* CustomDataConvertible.swift in Sources */,
				83B80E1C283F0038007BAD6D /* NSTouchBarViewControllerRepresentable.swift in Sources */,
				8346631F284ABAD1002C09AE /* MyTouchBar.swift in Sources */,
				83EC623428477E52008D0D0C /* Dataref.swift in Sources */,
				8311850B2836D07600BEDBA2 /* AppDelegate.swift in Sources */,
				831184E02836CC5600BEDBA2 /* XPTouchBarApp.swift in Sources */,
				83C3207A2843906B000BF8A5 /* ConnectionView.swift in Sources */,
				83B80E1E283F9480007BAD6D /* XPlaneConnector.swift in Sources */,
				83EC62482847AC78008D0D0C /* RREF.swift in Sources */,
				83D46E5C284D33A7003F84B0 /* PDFViewRepresentable.swift in Sources */,
				83EC623728477EEC008D0D0C /* CustomFloatConvertible.swift in Sources */,
			);
			runOnlyForDeploymentPostprocessing = 0;
		};
		831184E92836CC5B00BEDBA2 /* Sources */ = {
			isa = PBXSourcesBuildPhase;
			buildActionMask = 2147483647;
			files = (
				83B80E2528415BEC007BAD6D /* DREFTests.swift in Sources */,
				83EC623D2847983A008D0D0C /* RREFTests.swift in Sources */,
				83EC62412847A7CB008D0D0C /* XPDatagramBuilderTests.swift in Sources */,
			);
			runOnlyForDeploymentPostprocessing = 0;
		};
		831184F32836CC5B00BEDBA2 /* Sources */ = {
			isa = PBXSourcesBuildPhase;
			buildActionMask = 2147483647;
			files = (
				831184FE2836CC5B00BEDBA2 /* XPTouchBarUITestsLaunchTests.swift in Sources */,
				831184FC2836CC5B00BEDBA2 /* XPTouchBarUITests.swift in Sources */,
			);
			runOnlyForDeploymentPostprocessing = 0;
		};
/* End PBXSourcesBuildPhase section */

/* Begin PBXTargetDependency section */
		831184EF2836CC5B00BEDBA2 /* PBXTargetDependency */ = {
			isa = PBXTargetDependency;
			target = 831184DB2836CC5600BEDBA2 /* XPTouchBar */;
			targetProxy = 831184EE2836CC5B00BEDBA2 /* PBXContainerItemProxy */;
		};
		831184F92836CC5B00BEDBA2 /* PBXTargetDependency */ = {
			isa = PBXTargetDependency;
			target = 831184DB2836CC5600BEDBA2 /* XPTouchBar */;
			targetProxy = 831184F82836CC5B00BEDBA2 /* PBXContainerItemProxy */;
		};
/* End PBXTargetDependency section */

/* Begin XCBuildConfiguration section */
		831184FF2836CC5B00BEDBA2 /* Debug */ = {
			isa = XCBuildConfiguration;
			buildSettings = {
				ALWAYS_SEARCH_USER_PATHS = NO;
				CLANG_ANALYZER_NONNULL = YES;
				CLANG_ANALYZER_NUMBER_OBJECT_CONVERSION = YES_AGGRESSIVE;
				CLANG_CXX_LANGUAGE_STANDARD = "gnu++17";
				CLANG_ENABLE_MODULES = YES;
				CLANG_ENABLE_OBJC_ARC = YES;
				CLANG_ENABLE_OBJC_WEAK = YES;
				CLANG_WARN_BLOCK_CAPTURE_AUTORELEASING = YES;
				CLANG_WARN_BOOL_CONVERSION = YES;
				CLANG_WARN_COMMA = YES;
				CLANG_WARN_CONSTANT_CONVERSION = YES;
				CLANG_WARN_DEPRECATED_OBJC_IMPLEMENTATIONS = YES;
				CLANG_WARN_DIRECT_OBJC_ISA_USAGE = YES_ERROR;
				CLANG_WARN_DOCUMENTATION_COMMENTS = YES;
				CLANG_WARN_EMPTY_BODY = YES;
				CLANG_WARN_ENUM_CONVERSION = YES;
				CLANG_WARN_INFINITE_RECURSION = YES;
				CLANG_WARN_INT_CONVERSION = YES;
				CLANG_WARN_NON_LITERAL_NULL_CONVERSION = YES;
				CLANG_WARN_OBJC_IMPLICIT_RETAIN_SELF = YES;
				CLANG_WARN_OBJC_LITERAL_CONVERSION = YES;
				CLANG_WARN_OBJC_ROOT_CLASS = YES_ERROR;
				CLANG_WARN_QUOTED_INCLUDE_IN_FRAMEWORK_HEADER = YES;
				CLANG_WARN_RANGE_LOOP_ANALYSIS = YES;
				CLANG_WARN_STRICT_PROTOTYPES = YES;
				CLANG_WARN_SUSPICIOUS_MOVE = YES;
				CLANG_WARN_UNGUARDED_AVAILABILITY = YES_AGGRESSIVE;
				CLANG_WARN_UNREACHABLE_CODE = YES;
				CLANG_WARN__DUPLICATE_METHOD_MATCH = YES;
				COPY_PHASE_STRIP = NO;
				DEBUG_INFORMATION_FORMAT = dwarf;
				ENABLE_STRICT_OBJC_MSGSEND = YES;
				ENABLE_TESTABILITY = YES;
				GCC_C_LANGUAGE_STANDARD = gnu11;
				GCC_DYNAMIC_NO_PIC = NO;
				GCC_NO_COMMON_BLOCKS = YES;
				GCC_OPTIMIZATION_LEVEL = 0;
				GCC_PREPROCESSOR_DEFINITIONS = (
					"DEBUG=1",
					"$(inherited)",
				);
				GCC_WARN_64_TO_32_BIT_CONVERSION = YES;
				GCC_WARN_ABOUT_RETURN_TYPE = YES_ERROR;
				GCC_WARN_UNDECLARED_SELECTOR = YES;
				GCC_WARN_UNINITIALIZED_AUTOS = YES_AGGRESSIVE;
				GCC_WARN_UNUSED_FUNCTION = YES;
				GCC_WARN_UNUSED_VARIABLE = YES;
				MACOSX_DEPLOYMENT_TARGET = 12.3;
				MTL_ENABLE_DEBUG_INFO = INCLUDE_SOURCE;
				MTL_FAST_MATH = YES;
				ONLY_ACTIVE_ARCH = YES;
				SDKROOT = macosx;
				SWIFT_ACTIVE_COMPILATION_CONDITIONS = DEBUG;
				SWIFT_OPTIMIZATION_LEVEL = "-Onone";
			};
			name = Debug;
		};
		831185002836CC5B00BEDBA2 /* Release */ = {
			isa = XCBuildConfiguration;
			buildSettings = {
				ALWAYS_SEARCH_USER_PATHS = NO;
				CLANG_ANALYZER_NONNULL = YES;
				CLANG_ANALYZER_NUMBER_OBJECT_CONVERSION = YES_AGGRESSIVE;
				CLANG_CXX_LANGUAGE_STANDARD = "gnu++17";
				CLANG_ENABLE_MODULES = YES;
				CLANG_ENABLE_OBJC_ARC = YES;
				CLANG_ENABLE_OBJC_WEAK = YES;
				CLANG_WARN_BLOCK_CAPTURE_AUTORELEASING = YES;
				CLANG_WARN_BOOL_CONVERSION = YES;
				CLANG_WARN_COMMA = YES;
				CLANG_WARN_CONSTANT_CONVERSION = YES;
				CLANG_WARN_DEPRECATED_OBJC_IMPLEMENTATIONS = YES;
				CLANG_WARN_DIRECT_OBJC_ISA_USAGE = YES_ERROR;
				CLANG_WARN_DOCUMENTATION_COMMENTS = YES;
				CLANG_WARN_EMPTY_BODY = YES;
				CLANG_WARN_ENUM_CONVERSION = YES;
				CLANG_WARN_INFINITE_RECURSION = YES;
				CLANG_WARN_INT_CONVERSION = YES;
				CLANG_WARN_NON_LITERAL_NULL_CONVERSION = YES;
				CLANG_WARN_OBJC_IMPLICIT_RETAIN_SELF = YES;
				CLANG_WARN_OBJC_LITERAL_CONVERSION = YES;
				CLANG_WARN_OBJC_ROOT_CLASS = YES_ERROR;
				CLANG_WARN_QUOTED_INCLUDE_IN_FRAMEWORK_HEADER = YES;
				CLANG_WARN_RANGE_LOOP_ANALYSIS = YES;
				CLANG_WARN_STRICT_PROTOTYPES = YES;
				CLANG_WARN_SUSPICIOUS_MOVE = YES;
				CLANG_WARN_UNGUARDED_AVAILABILITY = YES_AGGRESSIVE;
				CLANG_WARN_UNREACHABLE_CODE = YES;
				CLANG_WARN__DUPLICATE_METHOD_MATCH = YES;
				COPY_PHASE_STRIP = NO;
				DEBUG_INFORMATION_FORMAT = "dwarf-with-dsym";
				ENABLE_NS_ASSERTIONS = NO;
				ENABLE_STRICT_OBJC_MSGSEND = YES;
				GCC_C_LANGUAGE_STANDARD = gnu11;
				GCC_NO_COMMON_BLOCKS = YES;
				GCC_WARN_64_TO_32_BIT_CONVERSION = YES;
				GCC_WARN_ABOUT_RETURN_TYPE = YES_ERROR;
				GCC_WARN_UNDECLARED_SELECTOR = YES;
				GCC_WARN_UNINITIALIZED_AUTOS = YES_AGGRESSIVE;
				GCC_WARN_UNUSED_FUNCTION = YES;
				GCC_WARN_UNUSED_VARIABLE = YES;
				MACOSX_DEPLOYMENT_TARGET = 12.3;
				MTL_ENABLE_DEBUG_INFO = NO;
				MTL_FAST_MATH = YES;
				SDKROOT = macosx;
				SWIFT_COMPILATION_MODE = wholemodule;
				SWIFT_OPTIMIZATION_LEVEL = "-O";
			};
			name = Release;
		};
		831185022836CC5B00BEDBA2 /* Debug */ = {
			isa = XCBuildConfiguration;
			buildSettings = {
				ASSETCATALOG_COMPILER_APPICON_NAME = AppIcon;
				ASSETCATALOG_COMPILER_GLOBAL_ACCENT_COLOR_NAME = AccentColor;
				CODE_SIGN_ENTITLEMENTS = XPTouchBar/XPTouchBar.entitlements;
				CODE_SIGN_STYLE = Automatic;
				COMBINE_HIDPI_IMAGES = YES;
				CURRENT_PROJECT_VERSION = 1;
				DEVELOPMENT_ASSET_PATHS = "\"XPTouchBar/Preview Content\"";
				ENABLE_PREVIEWS = YES;
				GENERATE_INFOPLIST_FILE = YES;
				INFOPLIST_KEY_LSApplicationCategoryType = "public.app-category.simulation-games";
				INFOPLIST_KEY_NSHumanReadableCopyright = "";
				LD_RUNPATH_SEARCH_PATHS = (
					"$(inherited)",
					"@executable_path/../Frameworks",
				);
				MARKETING_VERSION = 1.0;
				PRODUCT_BUNDLE_IDENTIFIER = com.chriskilding.XPTouchBar;
				PRODUCT_NAME = "$(TARGET_NAME)";
				SWIFT_EMIT_LOC_STRINGS = YES;
				SWIFT_VERSION = 5.0;
			};
			name = Debug;
		};
		831185032836CC5B00BEDBA2 /* Release */ = {
			isa = XCBuildConfiguration;
			buildSettings = {
				ASSETCATALOG_COMPILER_APPICON_NAME = AppIcon;
				ASSETCATALOG_COMPILER_GLOBAL_ACCENT_COLOR_NAME = AccentColor;
				CODE_SIGN_ENTITLEMENTS = XPTouchBar/XPTouchBar.entitlements;
				CODE_SIGN_STYLE = Automatic;
				COMBINE_HIDPI_IMAGES = YES;
				CURRENT_PROJECT_VERSION = 1;
				DEVELOPMENT_ASSET_PATHS = "\"XPTouchBar/Preview Content\"";
				ENABLE_PREVIEWS = YES;
				GENERATE_INFOPLIST_FILE = YES;
				INFOPLIST_KEY_LSApplicationCategoryType = "public.app-category.simulation-games";
				INFOPLIST_KEY_NSHumanReadableCopyright = "";
				LD_RUNPATH_SEARCH_PATHS = (
					"$(inherited)",
					"@executable_path/../Frameworks",
				);
				MARKETING_VERSION = 1.0;
				PRODUCT_BUNDLE_IDENTIFIER = com.chriskilding.XPTouchBar;
				PRODUCT_NAME = "$(TARGET_NAME)";
				SWIFT_EMIT_LOC_STRINGS = YES;
				SWIFT_VERSION = 5.0;
			};
			name = Release;
		};
		831185052836CC5B00BEDBA2 /* Debug */ = {
			isa = XCBuildConfiguration;
			buildSettings = {
				ALWAYS_EMBED_SWIFT_STANDARD_LIBRARIES = YES;
				BUNDLE_LOADER = "$(TEST_HOST)";
				CODE_SIGN_STYLE = Automatic;
				CURRENT_PROJECT_VERSION = 1;
				GENERATE_INFOPLIST_FILE = YES;
				MACOSX_DEPLOYMENT_TARGET = 12.3;
				MARKETING_VERSION = 1.0;
				PRODUCT_BUNDLE_IDENTIFIER = com.chriskilding.XPTouchBarTests;
				PRODUCT_NAME = "$(TARGET_NAME)";
				SWIFT_EMIT_LOC_STRINGS = NO;
				SWIFT_VERSION = 5.0;
				TEST_HOST = "$(BUILT_PRODUCTS_DIR)/XPTouchBar.app/Contents/MacOS/XPTouchBar";
			};
			name = Debug;
		};
		831185062836CC5B00BEDBA2 /* Release */ = {
			isa = XCBuildConfiguration;
			buildSettings = {
				ALWAYS_EMBED_SWIFT_STANDARD_LIBRARIES = YES;
				BUNDLE_LOADER = "$(TEST_HOST)";
				CODE_SIGN_STYLE = Automatic;
				CURRENT_PROJECT_VERSION = 1;
				GENERATE_INFOPLIST_FILE = YES;
				MACOSX_DEPLOYMENT_TARGET = 12.3;
				MARKETING_VERSION = 1.0;
				PRODUCT_BUNDLE_IDENTIFIER = com.chriskilding.XPTouchBarTests;
				PRODUCT_NAME = "$(TARGET_NAME)";
				SWIFT_EMIT_LOC_STRINGS = NO;
				SWIFT_VERSION = 5.0;
				TEST_HOST = "$(BUILT_PRODUCTS_DIR)/XPTouchBar.app/Contents/MacOS/XPTouchBar";
			};
			name = Release;
		};
		831185082836CC5B00BEDBA2 /* Debug */ = {
			isa = XCBuildConfiguration;
			buildSettings = {
				ALWAYS_EMBED_SWIFT_STANDARD_LIBRARIES = YES;
				CODE_SIGN_STYLE = Automatic;
				CURRENT_PROJECT_VERSION = 1;
				GENERATE_INFOPLIST_FILE = YES;
				MARKETING_VERSION = 1.0;
				PRODUCT_BUNDLE_IDENTIFIER = com.chriskilding.XPTouchBarUITests;
				PRODUCT_NAME = "$(TARGET_NAME)";
				SWIFT_EMIT_LOC_STRINGS = NO;
				SWIFT_VERSION = 5.0;
				TEST_TARGET_NAME = XPTouchBar;
			};
			name = Debug;
		};
		831185092836CC5B00BEDBA2 /* Release */ = {
			isa = XCBuildConfiguration;
			buildSettings = {
				ALWAYS_EMBED_SWIFT_STANDARD_LIBRARIES = YES;
				CODE_SIGN_STYLE = Automatic;
				CURRENT_PROJECT_VERSION = 1;
				GENERATE_INFOPLIST_FILE = YES;
				MARKETING_VERSION = 1.0;
				PRODUCT_BUNDLE_IDENTIFIER = com.chriskilding.XPTouchBarUITests;
				PRODUCT_NAME = "$(TARGET_NAME)";
				SWIFT_EMIT_LOC_STRINGS = NO;
				SWIFT_VERSION = 5.0;
				TEST_TARGET_NAME = XPTouchBar;
			};
			name = Release;
		};
/* End XCBuildConfiguration section */

/* Begin XCConfigurationList section */
		831184D72836CC5600BEDBA2 /* Build configuration list for PBXProject "XPTouchBar" */ = {
			isa = XCConfigurationList;
			buildConfigurations = (
				831184FF2836CC5B00BEDBA2 /* Debug */,
				831185002836CC5B00BEDBA2 /* Release */,
			);
			defaultConfigurationIsVisible = 0;
			defaultConfigurationName = Release;
		};
		831185012836CC5B00BEDBA2 /* Build configuration list for PBXNativeTarget "XPTouchBar" */ = {
			isa = XCConfigurationList;
			buildConfigurations = (
				831185022836CC5B00BEDBA2 /* Debug */,
				831185032836CC5B00BEDBA2 /* Release */,
			);
			defaultConfigurationIsVisible = 0;
			defaultConfigurationName = Release;
		};
		831185042836CC5B00BEDBA2 /* Build configuration list for PBXNativeTarget "XPTouchBarTests" */ = {
			isa = XCConfigurationList;
			buildConfigurations = (
				831185052836CC5B00BEDBA2 /* Debug */,
				831185062836CC5B00BEDBA2 /* Release */,
			);
			defaultConfigurationIsVisible = 0;
			defaultConfigurationName = Release;
		};
		831185072836CC5B00BEDBA2 /* Build configuration list for PBXNativeTarget "XPTouchBarUITests" */ = {
			isa = XCConfigurationList;
			buildConfigurations = (
				831185082836CC5B00BEDBA2 /* Debug */,
				831185092836CC5B00BEDBA2 /* Release */,
			);
			defaultConfigurationIsVisible = 0;
			defaultConfigurationName = Release;
		};
/* End XCConfigurationList section */
	};
	rootObject = 831184D42836CC5600BEDBA2 /* Project object */;
}
